
Microsoft Visual Studio Solution File, Format Version 12.00
# Visual Studio Version 16
VisualStudioVersion = 16.0.30427.197
MinimumVisualStudioVersion = 10.0.40219.1
Project("{FAE04EC0-301F-11D3-BF4B-00C04F79EFBC}") = "LongestIncreasingSubSequence", "LongestIncreasingSubSequence\LongestIncreasingSubSequence.csproj", "{802888EF-6FBA-4E2B-80CE-809476688C26}"
EndProject
Project("{FAE04EC0-301F-11D3-BF4B-00C04F79EFBC}") = "NUnitTest", "NUnitTest\NUnitTest.csproj", "{AD0BC547-3DFC-48C2-8B89-6AE61FEA92C9}"
EndProject
Global
	GlobalSection(SolutionConfigurationPlatforms) = preSolution
		Debug|Any CPU = Debug|Any CPU
		Release|Any CPU = Release|Any CPU
	EndGlobalSection
	GlobalSection(ProjectConfigurationPlatforms) = postSolution
		{802888EF-6FBA-4E2B-80CE-809476688C26}.Debug|Any CPU.ActiveCfg = Debug|Any CPU
		{802888EF-6FBA-4E2B-80CE-809476688C26}.Debug|Any CPU.Build.0 = Debug|Any CPU
		{802888EF-6FBA-4E2B-80CE-809476688C26}.Release|Any CPU.ActiveCfg = Release|Any CPU
		{802888EF-6FBA-4E2B-80CE-809476688C26}.Release|Any CPU.Build.0 = Release|Any CPU
		{AD0BC547-3DFC-48C2-8B89-6AE61FEA92C9}.Debug|Any CPU.ActiveCfg = Debug|Any CPU
		{AD0BC547-3DFC-48C2-8B89-6AE61FEA92C9}.Debug|Any CPU.Build.0 = Debug|Any CPU
		{AD0BC547-3DFC-48C2-8B89-6AE61FEA92C9}.Release|Any CPU.ActiveCfg = Release|Any CPU
		{AD0BC547-3DFC-48C2-8B89-6AE61FEA92C9}.Release|Any CPU.Build.0 = Release|Any CPU
	EndGlobalSection
	GlobalSection(SolutionProperties) = preSolution
		HideSolutionNode = FALSE
	EndGlobalSection
	GlobalSection(ExtensibilityGlobals) = postSolution
		SolutionGuid = {D44E5E39-F61C-46E9-9A46-7CBF413BC83A}
	EndGlobalSection
EndGlobal
